// !$*UTF8*$!
{
	archiveVersion = 1;
	classes = {
	};
	objectVersion = 50;
	objects = {

/* Begin PBXBuildFile section */
		CAA9986E26F7CE0100AE44FB /* LandmarksApp.swift in Sources */ = {isa = PBXBuildFile; fileRef = CAA9986D26F7CE0100AE44FB /* LandmarksApp.swift */; };
		CAA9987026F7CE0100AE44FB /* ContentView.swift in Sources */ = {isa = PBXBuildFile; fileRef = CAA9986F26F7CE0100AE44FB /* ContentView.swift */; };
		CAA9987226F7CE0400AE44FB /* Assets.xcassets in Resources */ = {isa = PBXBuildFile; fileRef = CAA9987126F7CE0400AE44FB /* Assets.xcassets */; };
		CAA9987526F7CE0400AE44FB /* Preview Assets.xcassets in Resources */ = {isa = PBXBuildFile; fileRef = CAA9987426F7CE0400AE44FB /* Preview Assets.xcassets */; };
		CAA9987D26F7D2ED00AE44FB /* CircleImage.swift in Sources */ = {isa = PBXBuildFile; fileRef = CAA9987C26F7D2ED00AE44FB /* CircleImage.swift */; };
		CAA9987F26F7D4EB00AE44FB /* MapView.swift in Sources */ = {isa = PBXBuildFile; fileRef = CAA9987E26F7D4EB00AE44FB /* MapView.swift */; };
		CAA9988126F7FD3600AE44FB /* landmarkData.json in Resources */ = {isa = PBXBuildFile; fileRef = CAA9988026F7FD3600AE44FB /* landmarkData.json */; };
		CAA9988326F7FD4B00AE44FB /* Landmark.swift in Sources */ = {isa = PBXBuildFile; fileRef = CAA9988226F7FD4B00AE44FB /* Landmark.swift */; };
		CAA9989B26F8051200AE44FB /* ModelData.swift in Sources */ = {isa = PBXBuildFile; fileRef = CAA9989A26F8051200AE44FB /* ModelData.swift */; };
		CAA998A226F8093700AE44FB /* LandmarkList.swift in Sources */ = {isa = PBXBuildFile; fileRef = CAA998A126F8093700AE44FB /* LandmarkList.swift */; };
		CAA998A426F80A4A00AE44FB /* LandmarkDetail.swift in Sources */ = {isa = PBXBuildFile; fileRef = CAA998A326F80A4A00AE44FB /* LandmarkDetail.swift */; };
		CAA998A626F8198800AE44FB /* FavoriteButton.swift in Sources */ = {isa = PBXBuildFile; fileRef = CAA998A526F8198800AE44FB /* FavoriteButton.swift */; };
		CAA998AA26F81CDF00AE44FB /* LandmarkRow.swift in Sources */ = {isa = PBXBuildFile; fileRef = CAA998A926F81CDF00AE44FB /* LandmarkRow.swift */; };
		CAA998AC26F8FB4A00AE44FB /* HexagonParameters.swift in Sources */ = {isa = PBXBuildFile; fileRef = CAA998AB26F8FB4A00AE44FB /* HexagonParameters.swift */; };
		CAA998AE26F8FF8400AE44FB /* BadgeBackground.swift in Sources */ = {isa = PBXBuildFile; fileRef = CAA998AD26F8FF8400AE44FB /* BadgeBackground.swift */; };
		CAA998B026F907FB00AE44FB /* BadgeSymbol.swift in Sources */ = {isa = PBXBuildFile; fileRef = CAA998AF26F907FB00AE44FB /* BadgeSymbol.swift */; };
		CAA998B226F90A9D00AE44FB /* RotatedBadgeSymbol.swift in Sources */ = {isa = PBXBuildFile; fileRef = CAA998B126F90A9D00AE44FB /* RotatedBadgeSymbol.swift */; };
		CAA998B426F90B3800AE44FB /* Badge.swift in Sources */ = {isa = PBXBuildFile; fileRef = CAA998B326F90B3800AE44FB /* Badge.swift */; };
		CAA998B726F90EA100AE44FB /* hikeData.json in Resources */ = {isa = PBXBuildFile; fileRef = CAA998B626F90EA100AE44FB /* hikeData.json */; };
		CAA998B926F90EAF00AE44FB /* Hike.swift in Sources */ = {isa = PBXBuildFile; fileRef = CAA998B826F90EAF00AE44FB /* Hike.swift */; };
		CAA998BF26F9105E00AE44FB /* GraphCapsule.swift in Sources */ = {isa = PBXBuildFile; fileRef = CAA998BB26F9105E00AE44FB /* GraphCapsule.swift */; };
		CAA998C026F9105E00AE44FB /* HikeGraph.swift in Sources */ = {isa = PBXBuildFile; fileRef = CAA998BC26F9105E00AE44FB /* HikeGraph.swift */; };
		CAA998C126F9105E00AE44FB /* HikeDetail.swift in Sources */ = {isa = PBXBuildFile; fileRef = CAA998BD26F9105E00AE44FB /* HikeDetail.swift */; };
		CAA998C226F9105E00AE44FB /* HikeView.swift in Sources */ = {isa = PBXBuildFile; fileRef = CAA998BE26F9105E00AE44FB /* HikeView.swift */; };
/* End PBXBuildFile section */

/* Begin PBXFileReference section */
		CAA9986A26F7CE0100AE44FB /* Landmarks.app */ = {isa = PBXFileReference; explicitFileType = wrapper.application; includeInIndex = 0; path = Landmarks.app; sourceTree = BUILT_PRODUCTS_DIR; };
		CAA9986D26F7CE0100AE44FB /* LandmarksApp.swift */ = {isa = PBXFileReference; lastKnownFileType = sourcecode.swift; path = LandmarksApp.swift; sourceTree = "<group>"; };
		CAA9986F26F7CE0100AE44FB /* ContentView.swift */ = {isa = PBXFileReference; lastKnownFileType = sourcecode.swift; path = ContentView.swift; sourceTree = "<group>"; };
		CAA9987126F7CE0400AE44FB /* Assets.xcassets */ = {isa = PBXFileReference; lastKnownFileType = folder.assetcatalog; path = Assets.xcassets; sourceTree = "<group>"; };
		CAA9987426F7CE0400AE44FB /* Preview Assets.xcassets */ = {isa = PBXFileReference; lastKnownFileType = folder.assetcatalog; path = "Preview Assets.xcassets"; sourceTree = "<group>"; };
		CAA9987626F7CE0400AE44FB /* Info.plist */ = {isa = PBXFileReference; lastKnownFileType = text.plist.xml; path = Info.plist; sourceTree = "<group>"; };
		CAA9987C26F7D2ED00AE44FB /* CircleImage.swift */ = {isa = PBXFileReference; lastKnownFileType = sourcecode.swift; path = CircleImage.swift; sourceTree = "<group>"; };
		CAA9987E26F7D4EB00AE44FB /* MapView.swift */ = {isa = PBXFileReference; lastKnownFileType = sourcecode.swift; path = MapView.swift; sourceTree = "<group>"; };
		CAA9988026F7FD3600AE44FB /* landmarkData.json */ = {isa = PBXFileReference; fileEncoding = 4; lastKnownFileType = text.json; path = landmarkData.json; sourceTree = "<group>"; };
		CAA9988226F7FD4B00AE44FB /* Landmark.swift */ = {isa = PBXFileReference; lastKnownFileType = sourcecode.swift; path = Landmark.swift; sourceTree = "<group>"; };
		CAA9989A26F8051200AE44FB /* ModelData.swift */ = {isa = PBXFileReference; lastKnownFileType = sourcecode.swift; path = ModelData.swift; sourceTree = "<group>"; };
		CAA998A126F8093700AE44FB /* LandmarkList.swift */ = {isa = PBXFileReference; lastKnownFileType = sourcecode.swift; path = LandmarkList.swift; sourceTree = "<group>"; };
		CAA998A326F80A4A00AE44FB /* LandmarkDetail.swift */ = {isa = PBXFileReference; lastKnownFileType = sourcecode.swift; path = LandmarkDetail.swift; sourceTree = "<group>"; };
		CAA998A526F8198800AE44FB /* FavoriteButton.swift */ = {isa = PBXFileReference; lastKnownFileType = sourcecode.swift; path = FavoriteButton.swift; sourceTree = "<group>"; };
		CAA998A926F81CDF00AE44FB /* LandmarkRow.swift */ = {isa = PBXFileReference; lastKnownFileType = sourcecode.swift; path = LandmarkRow.swift; sourceTree = "<group>"; };
		CAA998AB26F8FB4A00AE44FB /* HexagonParameters.swift */ = {isa = PBXFileReference; lastKnownFileType = sourcecode.swift; path = HexagonParameters.swift; sourceTree = "<group>"; };
		CAA998AD26F8FF8400AE44FB /* BadgeBackground.swift */ = {isa = PBXFileReference; lastKnownFileType = sourcecode.swift; path = BadgeBackground.swift; sourceTree = "<group>"; };
		CAA998AF26F907FB00AE44FB /* BadgeSymbol.swift */ = {isa = PBXFileReference; lastKnownFileType = sourcecode.swift; path = BadgeSymbol.swift; sourceTree = "<group>"; };
		CAA998B126F90A9D00AE44FB /* RotatedBadgeSymbol.swift */ = {isa = PBXFileReference; lastKnownFileType = sourcecode.swift; path = RotatedBadgeSymbol.swift; sourceTree = "<group>"; };
		CAA998B326F90B3800AE44FB /* Badge.swift */ = {isa = PBXFileReference; lastKnownFileType = sourcecode.swift; path = Badge.swift; sourceTree = "<group>"; };
		CAA998B626F90EA100AE44FB /* hikeData.json */ = {isa = PBXFileReference; fileEncoding = 4; lastKnownFileType = text.json; path = hikeData.json; sourceTree = "<group>"; };
		CAA998B826F90EAF00AE44FB /* Hike.swift */ = {isa = PBXFileReference; lastKnownFileType = sourcecode.swift; path = Hike.swift; sourceTree = "<group>"; };
		CAA998BB26F9105E00AE44FB /* GraphCapsule.swift */ = {isa = PBXFileReference; fileEncoding = 4; lastKnownFileType = sourcecode.swift; path = GraphCapsule.swift; sourceTree = "<group>"; };
		CAA998BC26F9105E00AE44FB /* HikeGraph.swift */ = {isa = PBXFileReference; fileEncoding = 4; lastKnownFileType = sourcecode.swift; path = HikeGraph.swift; sourceTree = "<group>"; };
		CAA998BD26F9105E00AE44FB /* HikeDetail.swift */ = {isa = PBXFileReference; fileEncoding = 4; lastKnownFileType = sourcecode.swift; path = HikeDetail.swift; sourceTree = "<group>"; };
		CAA998BE26F9105E00AE44FB /* HikeView.swift */ = {isa = PBXFileReference; fileEncoding = 4; lastKnownFileType = sourcecode.swift; path = HikeView.swift; sourceTree = "<group>"; };
/* End PBXFileReference section */

/* Begin PBXFrameworksBuildPhase section */
		CAA9986726F7CE0100AE44FB /* Frameworks */ = {
			isa = PBXFrameworksBuildPhase;
			buildActionMask = 2147483647;
			files = (
			);
			runOnlyForDeploymentPostprocessing = 0;
		};
/* End PBXFrameworksBuildPhase section */

/* Begin PBXGroup section */
		CAA9986126F7CE0100AE44FB = {
			isa = PBXGroup;
			children = (
				CAA998B826F90EAF00AE44FB /* Hike.swift */,
				CAA9986C26F7CE0100AE44FB /* Landmarks */,
				CAA9986B26F7CE0100AE44FB /* Products */,
			);
			sourceTree = "<group>";
		};
		CAA9986B26F7CE0100AE44FB /* Products */ = {
			isa = PBXGroup;
			children = (
				CAA9986A26F7CE0100AE44FB /* Landmarks.app */,
			);
			name = Products;
			sourceTree = "<group>";
		};
		CAA9986C26F7CE0100AE44FB /* Landmarks */ = {
			isa = PBXGroup;
			children = (
				CAA9986D26F7CE0100AE44FB /* LandmarksApp.swift */,
				CAA9989E26F8076100AE44FB /* Resources */,
				CAA9989D26F8073800AE44FB /* Model */,
				CAA9989C26F8071300AE44FB /* Views */,
				CAA9987126F7CE0400AE44FB /* Assets.xcassets */,
				CAA9987626F7CE0400AE44FB /* Info.plist */,
				CAA9987326F7CE0400AE44FB /* Preview Content */,
			);
			path = Landmarks;
			sourceTree = "<group>";
		};
		CAA9987326F7CE0400AE44FB /* Preview Content */ = {
			isa = PBXGroup;
			children = (
				CAA9987426F7CE0400AE44FB /* Preview Assets.xcassets */,
			);
			path = "Preview Content";
			sourceTree = "<group>";
		};
		CAA9989C26F8071300AE44FB /* Views */ = {
			isa = PBXGroup;
			children = (
				CAA998BA26F9105E00AE44FB /* Hikes */,
				CAA998A726F81A1100AE44FB /* Landmarks */,
				CAA998A826F81A5C00AE44FB /* Helper */,
				CAA9986F26F7CE0100AE44FB /* ContentView.swift */,
				CAA998B526F90D2900AE44FB /* Badge */,
			);
			path = Views;
			sourceTree = "<group>";
		};
		CAA9989D26F8073800AE44FB /* Model */ = {
			isa = PBXGroup;
			children = (
				CAA9989A26F8051200AE44FB /* ModelData.swift */,
				CAA9988226F7FD4B00AE44FB /* Landmark.swift */,
			);
			path = Model;
			sourceTree = "<group>";
		};
		CAA9989E26F8076100AE44FB /* Resources */ = {
			isa = PBXGroup;
			children = (
				CAA998B626F90EA100AE44FB /* hikeData.json */,
				CAA9988026F7FD3600AE44FB /* landmarkData.json */,
			);
			path = Resources;
			sourceTree = "<group>";
		};
		CAA998A726F81A1100AE44FB /* Landmarks */ = {
			isa = PBXGroup;
			children = (
				CAA998A126F8093700AE44FB /* LandmarkList.swift */,
				CAA998A326F80A4A00AE44FB /* LandmarkDetail.swift */,
				CAA998A926F81CDF00AE44FB /* LandmarkRow.swift */,
			);
			path = Landmarks;
			sourceTree = "<group>";
		};
		CAA998A826F81A5C00AE44FB /* Helper */ = {
			isa = PBXGroup;
			children = (
				CAA9987E26F7D4EB00AE44FB /* MapView.swift */,
				CAA9987C26F7D2ED00AE44FB /* CircleImage.swift */,
				CAA998A526F8198800AE44FB /* FavoriteButton.swift */,
			);
			path = Helper;
			sourceTree = "<group>";
		};
		CAA998B526F90D2900AE44FB /* Badge */ = {
			isa = PBXGroup;
			children = (
				CAA998AB26F8FB4A00AE44FB /* HexagonParameters.swift */,
				CAA998AD26F8FF8400AE44FB /* BadgeBackground.swift */,
				CAA998AF26F907FB00AE44FB /* BadgeSymbol.swift */,
				CAA998B126F90A9D00AE44FB /* RotatedBadgeSymbol.swift */,
				CAA998B326F90B3800AE44FB /* Badge.swift */,
			);
			path = Badge;
			sourceTree = "<group>";
		};
		CAA998BA26F9105E00AE44FB /* Hikes */ = {
			isa = PBXGroup;
			children = (
				CAA998BB26F9105E00AE44FB /* GraphCapsule.swift */,
				CAA998BC26F9105E00AE44FB /* HikeGraph.swift */,
				CAA998BD26F9105E00AE44FB /* HikeDetail.swift */,
				CAA998BE26F9105E00AE44FB /* HikeView.swift */,
			);
			path = Hikes;
			sourceTree = "<group>";
		};
/* End PBXGroup section */

/* Begin PBXNativeTarget section */
		CAA9986926F7CE0100AE44FB /* Landmarks */ = {
			isa = PBXNativeTarget;
			buildConfigurationList = CAA9987926F7CE0400AE44FB /* Build configuration list for PBXNativeTarget "Landmarks" */;
			buildPhases = (
				CAA9986626F7CE0100AE44FB /* Sources */,
				CAA9986726F7CE0100AE44FB /* Frameworks */,
				CAA9986826F7CE0100AE44FB /* Resources */,
			);
			buildRules = (
			);
			dependencies = (
			);
			name = Landmarks;
			productName = Landmarks;
			productReference = CAA9986A26F7CE0100AE44FB /* Landmarks.app */;
			productType = "com.apple.product-type.application";
		};
/* End PBXNativeTarget section */

/* Begin PBXProject section */
		CAA9986226F7CE0100AE44FB /* Project object */ = {
			isa = PBXProject;
			attributes = {
				LastSwiftUpdateCheck = 1250;
				LastUpgradeCheck = 1250;
				TargetAttributes = {
					CAA9986926F7CE0100AE44FB = {
						CreatedOnToolsVersion = 12.5.1;
					};
				};
			};
			buildConfigurationList = CAA9986526F7CE0100AE44FB /* Build configuration list for PBXProject "Landmarks" */;
			compatibilityVersion = "Xcode 9.3";
			developmentRegion = en;
			hasScannedForEncodings = 0;
			knownRegions = (
				en,
				Base,
			);
			mainGroup = CAA9986126F7CE0100AE44FB;
			productRefGroup = CAA9986B26F7CE0100AE44FB /* Products */;
			projectDirPath = "";
			projectRoot = "";
			targets = (
				CAA9986926F7CE0100AE44FB /* Landmarks */,
			);
		};
/* End PBXProject section */

/* Begin PBXResourcesBuildPhase section */
		CAA9986826F7CE0100AE44FB /* Resources */ = {
			isa = PBXResourcesBuildPhase;
			buildActionMask = 2147483647;
			files = (
				CAA998B726F90EA100AE44FB /* hikeData.json in Resources */,
				CAA9987526F7CE0400AE44FB /* Preview Assets.xcassets in Resources */,
				CAA9987226F7CE0400AE44FB /* Assets.xcassets in Resources */,
				CAA9988126F7FD3600AE44FB /* landmarkData.json in Resources */,
			);
			runOnlyForDeploymentPostprocessing = 0;
		};
/* End PBXResourcesBuildPhase section */

/* Begin PBXSourcesBuildPhase section */
		CAA9986626F7CE0100AE44FB /* Sources */ = {
			isa = PBXSourcesBuildPhase;
			buildActionMask = 2147483647;
			files = (
				CAA9987026F7CE0100AE44FB /* ContentView.swift in Sources */,
				CAA998C026F9105E00AE44FB /* HikeGraph.swift in Sources */,
				CAA998B426F90B3800AE44FB /* Badge.swift in Sources */,
				CAA9987F26F7D4EB00AE44FB /* MapView.swift in Sources */,
				CAA998BF26F9105E00AE44FB /* GraphCapsule.swift in Sources */,
				CAA9986E26F7CE0100AE44FB /* LandmarksApp.swift in Sources */,
				CAA998A626F8198800AE44FB /* FavoriteButton.swift in Sources */,
				CAA998C126F9105E00AE44FB /* HikeDetail.swift in Sources */,
				CAA998AC26F8FB4A00AE44FB /* HexagonParameters.swift in Sources */,
				CAA998B926F90EAF00AE44FB /* Hike.swift in Sources */,
				CAA998B226F90A9D00AE44FB /* RotatedBadgeSymbol.swift in Sources */,
				CAA998B026F907FB00AE44FB /* BadgeSymbol.swift in Sources */,
				CAA998A226F8093700AE44FB /* LandmarkList.swift in Sources */,
				CAA998C226F9105E00AE44FB /* HikeView.swift in Sources */,
				CAA998A426F80A4A00AE44FB /* LandmarkDetail.swift in Sources */,
				CAA998AE26F8FF8400AE44FB /* BadgeBackground.swift in Sources */,
				CAA9987D26F7D2ED00AE44FB /* CircleImage.swift in Sources */,
				CAA9988326F7FD4B00AE44FB /* Landmark.swift in Sources */,
				CAA998AA26F81CDF00AE44FB /* LandmarkRow.swift in Sources */,
				CAA9989B26F8051200AE44FB /* ModelData.swift in Sources */,
			);
			runOnlyForDeploymentPostprocessing = 0;
		};
/* End PBXSourcesBuildPhase section */

/* Begin XCBuildConfiguration section */
		CAA9987726F7CE0400AE44FB /* Debug */ = {
			isa = XCBuildConfiguration;
			buildSettings = {
				ALWAYS_SEARCH_USER_PATHS = NO;
				CLANG_ANALYZER_NONNULL = YES;
				CLANG_ANALYZER_NUMBER_OBJECT_CONVERSION = YES_AGGRESSIVE;
				CLANG_CXX_LANGUAGE_STANDARD = "gnu++14";
				CLANG_CXX_LIBRARY = "libc++";
				CLANG_ENABLE_MODULES = YES;
				CLANG_ENABLE_OBJC_ARC = YES;
				CLANG_ENABLE_OBJC_WEAK = YES;
				CLANG_WARN_BLOCK_CAPTURE_AUTORELEASING = YES;
				CLANG_WARN_BOOL_CONVERSION = YES;
				CLANG_WARN_COMMA = YES;
				CLANG_WARN_CONSTANT_CONVERSION = YES;
				CLANG_WARN_DEPRECATED_OBJC_IMPLEMENTATIONS = YES;
				CLANG_WARN_DIRECT_OBJC_ISA_USAGE = YES_ERROR;
				CLANG_WARN_DOCUMENTATION_COMMENTS = YES;
				CLANG_WARN_EMPTY_BODY = YES;
				CLANG_WARN_ENUM_CONVERSION = YES;
				CLANG_WARN_INFINITE_RECURSION = YES;
				CLANG_WARN_INT_CONVERSION = YES;
				CLANG_WARN_NON_LITERAL_NULL_CONVERSION = YES;
				CLANG_WARN_OBJC_IMPLICIT_RETAIN_SELF = YES;
				CLANG_WARN_OBJC_LITERAL_CONVERSION = YES;
				CLANG_WARN_OBJC_ROOT_CLASS = YES_ERROR;
				CLANG_WARN_QUOTED_INCLUDE_IN_FRAMEWORK_HEADER = YES;
				CLANG_WARN_RANGE_LOOP_ANALYSIS = YES;
				CLANG_WARN_STRICT_PROTOTYPES = YES;
				CLANG_WARN_SUSPICIOUS_MOVE = YES;
				CLANG_WARN_UNGUARDED_AVAILABILITY = YES_AGGRESSIVE;
				CLANG_WARN_UNREACHABLE_CODE = YES;
				CLANG_WARN__DUPLICATE_METHOD_MATCH = YES;
				COPY_PHASE_STRIP = NO;
				DEBUG_INFORMATION_FORMAT = dwarf;
				ENABLE_STRICT_OBJC_MSGSEND = YES;
				ENABLE_TESTABILITY = YES;
				GCC_C_LANGUAGE_STANDARD = gnu11;
				GCC_DYNAMIC_NO_PIC = NO;
				GCC_NO_COMMON_BLOCKS = YES;
				GCC_OPTIMIZATION_LEVEL = 0;
				GCC_PREPROCESSOR_DEFINITIONS = (
					"DEBUG=1",
					"$(inherited)",
				);
				GCC_WARN_64_TO_32_BIT_CONVERSION = YES;
				GCC_WARN_ABOUT_RETURN_TYPE = YES_ERROR;
				GCC_WARN_UNDECLARED_SELECTOR = YES;
				GCC_WARN_UNINITIALIZED_AUTOS = YES_AGGRESSIVE;
				GCC_WARN_UNUSED_FUNCTION = YES;
				GCC_WARN_UNUSED_VARIABLE = YES;
				IPHONEOS_DEPLOYMENT_TARGET = 14.5;
				MTL_ENABLE_DEBUG_INFO = INCLUDE_SOURCE;
				MTL_FAST_MATH = YES;
				ONLY_ACTIVE_ARCH = YES;
				SDKROOT = iphoneos;
				SWIFT_ACTIVE_COMPILATION_CONDITIONS = DEBUG;
				SWIFT_OPTIMIZATION_LEVEL = "-Onone";
			};
			name = Debug;
		};
		CAA9987826F7CE0400AE44FB /* Release */ = {
			isa = XCBuildConfiguration;
			buildSettings = {
				ALWAYS_SEARCH_USER_PATHS = NO;
				CLANG_ANALYZER_NONNULL = YES;
				CLANG_ANALYZER_NUMBER_OBJECT_CONVERSION = YES_AGGRESSIVE;
				CLANG_CXX_LANGUAGE_STANDARD = "gnu++14";
				CLANG_CXX_LIBRARY = "libc++";
				CLANG_ENABLE_MODULES = YES;
				CLANG_ENABLE_OBJC_ARC = YES;
				CLANG_ENABLE_OBJC_WEAK = YES;
				CLANG_WARN_BLOCK_CAPTURE_AUTORELEASING = YES;
				CLANG_WARN_BOOL_CONVERSION = YES;
				CLANG_WARN_COMMA = YES;
				CLANG_WARN_CONSTANT_CONVERSION = YES;
				CLANG_WARN_DEPRECATED_OBJC_IMPLEMENTATIONS = YES;
				CLANG_WARN_DIRECT_OBJC_ISA_USAGE = YES_ERROR;
				CLANG_WARN_DOCUMENTATION_COMMENTS = YES;
				CLANG_WARN_EMPTY_BODY = YES;
				CLANG_WARN_ENUM_CONVERSION = YES;
				CLANG_WARN_INFINITE_RECURSION = YES;
				CLANG_WARN_INT_CONVERSION = YES;
				CLANG_WARN_NON_LITERAL_NULL_CONVERSION = YES;
				CLANG_WARN_OBJC_IMPLICIT_RETAIN_SELF = YES;
				CLANG_WARN_OBJC_LITERAL_CONVERSION = YES;
				CLANG_WARN_OBJC_ROOT_CLASS = YES_ERROR;
				CLANG_WARN_QUOTED_INCLUDE_IN_FRAMEWORK_HEADER = YES;
				CLANG_WARN_RANGE_LOOP_ANALYSIS = YES;
				CLANG_WARN_STRICT_PROTOTYPES = YES;
				CLANG_WARN_SUSPICIOUS_MOVE = YES;
				CLANG_WARN_UNGUARDED_AVAILABILITY = YES_AGGRESSIVE;
				CLANG_WARN_UNREACHABLE_CODE = YES;
				CLANG_WARN__DUPLICATE_METHOD_MATCH = YES;
				COPY_PHASE_STRIP = NO;
				DEBUG_INFORMATION_FORMAT = "dwarf-with-dsym";
				ENABLE_NS_ASSERTIONS = NO;
				ENABLE_STRICT_OBJC_MSGSEND = YES;
				GCC_C_LANGUAGE_STANDARD = gnu11;
				GCC_NO_COMMON_BLOCKS = YES;
				GCC_WARN_64_TO_32_BIT_CONVERSION = YES;
				GCC_WARN_ABOUT_RETURN_TYPE = YES_ERROR;
				GCC_WARN_UNDECLARED_SELECTOR = YES;
				GCC_WARN_UNINITIALIZED_AUTOS = YES_AGGRESSIVE;
				GCC_WARN_UNUSED_FUNCTION = YES;
				GCC_WARN_UNUSED_VARIABLE = YES;
				IPHONEOS_DEPLOYMENT_TARGET = 14.5;
				MTL_ENABLE_DEBUG_INFO = NO;
				MTL_FAST_MATH = YES;
				SDKROOT = iphoneos;
				SWIFT_COMPILATION_MODE = wholemodule;
				SWIFT_OPTIMIZATION_LEVEL = "-O";
				VALIDATE_PRODUCT = YES;
			};
			name = Release;
		};
		CAA9987A26F7CE0400AE44FB /* Debug */ = {
			isa = XCBuildConfiguration;
			buildSettings = {
				ASSETCATALOG_COMPILER_APPICON_NAME = AppIcon;
				ASSETCATALOG_COMPILER_GLOBAL_ACCENT_COLOR_NAME = AccentColor;
				CODE_SIGN_STYLE = Automatic;
				DEVELOPMENT_ASSET_PATHS = "\"Landmarks/Preview Content\"";
				ENABLE_PREVIEWS = YES;
				INFOPLIST_FILE = Landmarks/Info.plist;
				IPHONEOS_DEPLOYMENT_TARGET = 14.0;
				LD_RUNPATH_SEARCH_PATHS = (
					"$(inherited)",
					"@executable_path/Frameworks",
				);
				PRODUCT_BUNDLE_IDENTIFIER = "com.example.apple-samplecode.Landmarks";
				PRODUCT_NAME = "$(TARGET_NAME)";
				SWIFT_VERSION = 5.0;
				TARGETED_DEVICE_FAMILY = "1,2";
			};
			name = Debug;
		};
		CAA9987B26F7CE0400AE44FB /* Release */ = {
			isa = XCBuildConfiguration;
			buildSettings = {
				ASSETCATALOG_COMPILER_APPICON_NAME = AppIcon;
				ASSETCATALOG_COMPILER_GLOBAL_ACCENT_COLOR_NAME = AccentColor;
				CODE_SIGN_STYLE = Automatic;
				DEVELOPMENT_ASSET_PATHS = "\"Landmarks/Preview Content\"";
				ENABLE_PREVIEWS = YES;
				INFOPLIST_FILE = Landmarks/Info.plist;
				IPHONEOS_DEPLOYMENT_TARGET = 14.0;
				LD_RUNPATH_SEARCH_PATHS = (
					"$(inherited)",
					"@executable_path/Frameworks",
				);
				PRODUCT_BUNDLE_IDENTIFIER = "com.example.apple-samplecode.Landmarks";
				PRODUCT_NAME = "$(TARGET_NAME)";
				SWIFT_VERSION = 5.0;
				TARGETED_DEVICE_FAMILY = "1,2";
			};
			name = Release;
		};
/* End XCBuildConfiguration section */

/* Begin XCConfigurationList section */
		CAA9986526F7CE0100AE44FB /* Build configuration list for PBXProject "Landmarks" */ = {
			isa = XCConfigurationList;
			buildConfigurations = (
				CAA9987726F7CE0400AE44FB /* Debug */,
				CAA9987826F7CE0400AE44FB /* Release */,
			);
			defaultConfigurationIsVisible = 0;
			defaultConfigurationName = Release;
		};
		CAA9987926F7CE0400AE44FB /* Build configuration list for PBXNativeTarget "Landmarks" */ = {
			isa = XCConfigurationList;
			buildConfigurations = (
				CAA9987A26F7CE0400AE44FB /* Debug */,
				CAA9987B26F7CE0400AE44FB /* Release */,
			);
			defaultConfigurationIsVisible = 0;
			defaultConfigurationName = Release;
		};
/* End XCConfigurationList section */
	};
	rootObject = CAA9986226F7CE0100AE44FB /* Project object */;
}
